// !$*UTF8*$!
{
	archiveVersion = 1;
	classes = {
	};
	objectVersion = 48;
	objects = {

/* Begin PBXBuildFile section */
		2E1FC0402108ED8100FBFCCB /* MapVC+ToolbarButtons.swift in Sources */ = {isa = PBXBuildFile; fileRef = 2E1FC03F2108ED8100FBFCCB /* MapVC+ToolbarButtons.swift */; };
		2E1FC0422109172700FBFCCB /* TaskShape.swift in Sources */ = {isa = PBXBuildFile; fileRef = 2E1FC0412109172700FBFCCB /* TaskShape.swift */; };
		2E1FC044210953FD00FBFCCB /* Constants.swift in Sources */ = {isa = PBXBuildFile; fileRef = 2E1FC043210953FD00FBFCCB /* Constants.swift */; };
		2E1FC04A210A3A6600FBFCCB /* DirectionalPad.swift in Sources */ = {isa = PBXBuildFile; fileRef = 2E1FC049210A3A6600FBFCCB /* DirectionalPad.swift */; };
		2E1FC04C210A9BD100FBFCCB /* ConfirmationVC.swift in Sources */ = {isa = PBXBuildFile; fileRef = 2E1FC04B210A9BD100FBFCCB /* ConfirmationVC.swift */; };
		2E1FC04F210B887700FBFCCB /* MapVC+InvertButtons.swift in Sources */ = {isa = PBXBuildFile; fileRef = 2E1FC04E210B887700FBFCCB /* MapVC+InvertButtons.swift */; };
		2E1FC059210BBB5300FBFCCB /* Task.swift in Sources */ = {isa = PBXBuildFile; fileRef = 2E1FC058210BBB5300FBFCCB /* Task.swift */; };
		2E3634BA21116AB700E42BA7 /* LoadWheel.swift in Sources */ = {isa = PBXBuildFile; fileRef = 2E3634B921116AB700E42BA7 /* LoadWheel.swift */; };
		2E6907D921142E0A00EC6088 /* CoreDataHelper.swift in Sources */ = {isa = PBXBuildFile; fileRef = 2E6907D821142E0A00EC6088 /* CoreDataHelper.swift */; };
		2E6BD8F1210D8A3A001E4A76 /* MapLayout.storyboard in Resources */ = {isa = PBXBuildFile; fileRef = 2E6BD8F0210D8A3A001E4A76 /* MapLayout.storyboard */; };
		2EB539A121063C1700192FDA /* AppDelegate.swift in Sources */ = {isa = PBXBuildFile; fileRef = 2EB539A021063C1700192FDA /* AppDelegate.swift */; };
		2EB539A621063C1700192FDA /* Main.storyboard in Resources */ = {isa = PBXBuildFile; fileRef = 2EB539A421063C1700192FDA /* Main.storyboard */; };
		2EB539A921063C1700192FDA /* TaskIt.xcdatamodeld in Sources */ = {isa = PBXBuildFile; fileRef = 2EB539A721063C1700192FDA /* TaskIt.xcdatamodeld */; };
		2EB539AB21063C1700192FDA /* Assets.xcassets in Resources */ = {isa = PBXBuildFile; fileRef = 2EB539AA21063C1700192FDA /* Assets.xcassets */; };
		2EB539AE21063C1700192FDA /* LaunchScreen.storyboard in Resources */ = {isa = PBXBuildFile; fileRef = 2EB539AC21063C1700192FDA /* LaunchScreen.storyboard */; };
		2EB539B621063EF400192FDA /* GoogleService-Info.plist in Resources */ = {isa = PBXBuildFile; fileRef = 2EB539B521063EF400192FDA /* GoogleService-Info.plist */; };
		2EB539BD2106439600192FDA /* StartVC.swift in Sources */ = {isa = PBXBuildFile; fileRef = 2EB539BC2106439600192FDA /* StartVC.swift */; };
		2EB539BF2106562700192FDA /* SignUpVC.swift in Sources */ = {isa = PBXBuildFile; fileRef = 2EB539BE2106562700192FDA /* SignUpVC.swift */; };
		2EB539C12106EBED00192FDA /* AuthService.swift in Sources */ = {isa = PBXBuildFile; fileRef = 2EB539C02106EBED00192FDA /* AuthService.swift */; };
		2EB539C52106F4F400192FDA /* UserService.swift in Sources */ = {isa = PBXBuildFile; fileRef = 2EB539C42106F4F400192FDA /* UserService.swift */; };
		2EB539C72106F87700192FDA /* TaskUser.swift in Sources */ = {isa = PBXBuildFile; fileRef = 2EB539C62106F87700192FDA /* TaskUser.swift */; };
		2EB539C92106FBFF00192FDA /* Alerts.swift in Sources */ = {isa = PBXBuildFile; fileRef = 2EB539C82106FBFF00192FDA /* Alerts.swift */; };
		2EB539CB2107879C00192FDA /* Login.swift in Sources */ = {isa = PBXBuildFile; fileRef = 2EB539CA2107879C00192FDA /* Login.swift */; };
		2EB539CD21079CB500192FDA /* MapVC.swift in Sources */ = {isa = PBXBuildFile; fileRef = 2EB539CC21079CB500192FDA /* MapVC.swift */; };
		2EB539CF2107B77100192FDA /* StartCompanyVC.swift in Sources */ = {isa = PBXBuildFile; fileRef = 2EB539CE2107B77100192FDA /* StartCompanyVC.swift */; };
		2EB539D12107CC8900192FDA /* DatabaseService.swift in Sources */ = {isa = PBXBuildFile; fileRef = 2EB539D02107CC8900192FDA /* DatabaseService.swift */; };
		2ED164E3210F805C008B7513 /* TaskDetailsVC.swift in Sources */ = {isa = PBXBuildFile; fileRef = 2ED164E2210F805C008B7513 /* TaskDetailsVC.swift */; };
		2ED164E5210FAF0F008B7513 /* MapVC+TaskShapeDelegate.swift in Sources */ = {isa = PBXBuildFile; fileRef = 2ED164E4210FAF0F008B7513 /* MapVC+TaskShapeDelegate.swift */; };
		2ED164E721100C44008B7513 /* ButtonItem.swift in Sources */ = {isa = PBXBuildFile; fileRef = 2ED164E621100C44008B7513 /* ButtonItem.swift */; };
		2ED164E921101B74008B7513 /* TaskButton.swift in Sources */ = {isa = PBXBuildFile; fileRef = 2ED164E821101B74008B7513 /* TaskButton.swift */; };
		2EF477412114B37D00290E9A /* ChooseIdVC.swift in Sources */ = {isa = PBXBuildFile; fileRef = 2EF477402114B37D00290E9A /* ChooseIdVC.swift */; };
		2EF477432114B3F800290E9A /* IdTableViewCell.swift in Sources */ = {isa = PBXBuildFile; fileRef = 2EF477422114B3F800290E9A /* IdTableViewCell.swift */; };
		2EFBB5612110BC20006C097D /* StorageService.swift in Sources */ = {isa = PBXBuildFile; fileRef = 2EFBB5602110BC20006C097D /* StorageService.swift */; };
		409A9A22C347DD4CBAD1CE6F /* Pods_TaskIt.framework in Frameworks */ = {isa = PBXBuildFile; fileRef = 6C320EA302352420BF8CF0C7 /* Pods_TaskIt.framework */; };
/* End PBXBuildFile section */

/* Begin PBXFileReference section */
		2E1FC03F2108ED8100FBFCCB /* MapVC+ToolbarButtons.swift */ = {isa = PBXFileReference; lastKnownFileType = sourcecode.swift; path = "MapVC+ToolbarButtons.swift"; sourceTree = "<group>"; };
		2E1FC0412109172700FBFCCB /* TaskShape.swift */ = {isa = PBXFileReference; lastKnownFileType = sourcecode.swift; path = TaskShape.swift; sourceTree = "<group>"; };
		2E1FC043210953FD00FBFCCB /* Constants.swift */ = {isa = PBXFileReference; lastKnownFileType = sourcecode.swift; path = Constants.swift; sourceTree = "<group>"; };
		2E1FC049210A3A6600FBFCCB /* DirectionalPad.swift */ = {isa = PBXFileReference; lastKnownFileType = sourcecode.swift; path = DirectionalPad.swift; sourceTree = "<group>"; };
		2E1FC04B210A9BD100FBFCCB /* ConfirmationVC.swift */ = {isa = PBXFileReference; lastKnownFileType = sourcecode.swift; path = ConfirmationVC.swift; sourceTree = "<group>"; };
		2E1FC04E210B887700FBFCCB /* MapVC+InvertButtons.swift */ = {isa = PBXFileReference; lastKnownFileType = sourcecode.swift; path = "MapVC+InvertButtons.swift"; sourceTree = "<group>"; };
		2E1FC058210BBB5300FBFCCB /* Task.swift */ = {isa = PBXFileReference; lastKnownFileType = sourcecode.swift; path = Task.swift; sourceTree = "<group>"; };
		2E3634B921116AB700E42BA7 /* LoadWheel.swift */ = {isa = PBXFileReference; lastKnownFileType = sourcecode.swift; path = LoadWheel.swift; sourceTree = "<group>"; };
		2E3634BB2111807A00E42BA7 /* TaskIt.entitlements */ = {isa = PBXFileReference; lastKnownFileType = text.plist.entitlements; path = TaskIt.entitlements; sourceTree = "<group>"; };
		2E6907D821142E0A00EC6088 /* CoreDataHelper.swift */ = {isa = PBXFileReference; lastKnownFileType = sourcecode.swift; path = CoreDataHelper.swift; sourceTree = "<group>"; };
		2E6BD8F0210D8A3A001E4A76 /* MapLayout.storyboard */ = {isa = PBXFileReference; fileEncoding = 4; lastKnownFileType = file.storyboard; path = MapLayout.storyboard; sourceTree = "<group>"; };
		2EB5399D21063C1700192FDA /* TaskIt.app */ = {isa = PBXFileReference; explicitFileType = wrapper.application; includeInIndex = 0; path = TaskIt.app; sourceTree = BUILT_PRODUCTS_DIR; };
		2EB539A021063C1700192FDA /* AppDelegate.swift */ = {isa = PBXFileReference; lastKnownFileType = sourcecode.swift; path = AppDelegate.swift; sourceTree = "<group>"; };
		2EB539A521063C1700192FDA /* Base */ = {isa = PBXFileReference; lastKnownFileType = file.storyboard; name = Base; path = Base.lproj/Main.storyboard; sourceTree = "<group>"; };
		2EB539A821063C1700192FDA /* TaskIt.xcdatamodel */ = {isa = PBXFileReference; lastKnownFileType = wrapper.xcdatamodel; path = TaskIt.xcdatamodel; sourceTree = "<group>"; };
		2EB539AA21063C1700192FDA /* Assets.xcassets */ = {isa = PBXFileReference; lastKnownFileType = folder.assetcatalog; path = Assets.xcassets; sourceTree = "<group>"; };
		2EB539AD21063C1700192FDA /* Base */ = {isa = PBXFileReference; lastKnownFileType = file.storyboard; name = Base; path = Base.lproj/LaunchScreen.storyboard; sourceTree = "<group>"; };
		2EB539AF21063C1700192FDA /* Info.plist */ = {isa = PBXFileReference; lastKnownFileType = text.plist.xml; path = Info.plist; sourceTree = "<group>"; };
		2EB539B521063EF400192FDA /* GoogleService-Info.plist */ = {isa = PBXFileReference; fileEncoding = 4; lastKnownFileType = text.plist.xml; path = "GoogleService-Info.plist"; sourceTree = "<group>"; };
		2EB539BC2106439600192FDA /* StartVC.swift */ = {isa = PBXFileReference; lastKnownFileType = sourcecode.swift; path = StartVC.swift; sourceTree = "<group>"; };
		2EB539BE2106562700192FDA /* SignUpVC.swift */ = {isa = PBXFileReference; lastKnownFileType = sourcecode.swift; path = SignUpVC.swift; sourceTree = "<group>"; };
		2EB539C02106EBED00192FDA /* AuthService.swift */ = {isa = PBXFileReference; lastKnownFileType = sourcecode.swift; path = AuthService.swift; sourceTree = "<group>"; };
		2EB539C42106F4F400192FDA /* UserService.swift */ = {isa = PBXFileReference; lastKnownFileType = sourcecode.swift; path = UserService.swift; sourceTree = "<group>"; };
		2EB539C62106F87700192FDA /* TaskUser.swift */ = {isa = PBXFileReference; lastKnownFileType = sourcecode.swift; path = TaskUser.swift; sourceTree = "<group>"; };
		2EB539C82106FBFF00192FDA /* Alerts.swift */ = {isa = PBXFileReference; lastKnownFileType = sourcecode.swift; path = Alerts.swift; sourceTree = "<group>"; };
		2EB539CA2107879C00192FDA /* Login.swift */ = {isa = PBXFileReference; lastKnownFileType = sourcecode.swift; path = Login.swift; sourceTree = "<group>"; };
		2EB539CC21079CB500192FDA /* MapVC.swift */ = {isa = PBXFileReference; lastKnownFileType = sourcecode.swift; path = MapVC.swift; sourceTree = "<group>"; };
		2EB539CE2107B77100192FDA /* StartCompanyVC.swift */ = {isa = PBXFileReference; lastKnownFileType = sourcecode.swift; path = StartCompanyVC.swift; sourceTree = "<group>"; };
		2EB539D02107CC8900192FDA /* DatabaseService.swift */ = {isa = PBXFileReference; lastKnownFileType = sourcecode.swift; path = DatabaseService.swift; sourceTree = "<group>"; };
		2ED164E2210F805C008B7513 /* TaskDetailsVC.swift */ = {isa = PBXFileReference; lastKnownFileType = sourcecode.swift; path = TaskDetailsVC.swift; sourceTree = "<group>"; };
		2ED164E4210FAF0F008B7513 /* MapVC+TaskShapeDelegate.swift */ = {isa = PBXFileReference; lastKnownFileType = sourcecode.swift; path = "MapVC+TaskShapeDelegate.swift"; sourceTree = "<group>"; };
		2ED164E621100C44008B7513 /* ButtonItem.swift */ = {isa = PBXFileReference; lastKnownFileType = sourcecode.swift; path = ButtonItem.swift; sourceTree = "<group>"; };
		2ED164E821101B74008B7513 /* TaskButton.swift */ = {isa = PBXFileReference; lastKnownFileType = sourcecode.swift; path = TaskButton.swift; sourceTree = "<group>"; };
		2EF477402114B37D00290E9A /* ChooseIdVC.swift */ = {isa = PBXFileReference; lastKnownFileType = sourcecode.swift; path = ChooseIdVC.swift; sourceTree = "<group>"; };
		2EF477422114B3F800290E9A /* IdTableViewCell.swift */ = {isa = PBXFileReference; lastKnownFileType = sourcecode.swift; path = IdTableViewCell.swift; sourceTree = "<group>"; };
		2EFBB5602110BC20006C097D /* StorageService.swift */ = {isa = PBXFileReference; lastKnownFileType = sourcecode.swift; path = StorageService.swift; sourceTree = "<group>"; };
		528CF6BC0CF32CC4F47A8F51 /* Pods-TaskIt.release.xcconfig */ = {isa = PBXFileReference; includeInIndex = 1; lastKnownFileType = text.xcconfig; name = "Pods-TaskIt.release.xcconfig"; path = "Pods/Target Support Files/Pods-TaskIt/Pods-TaskIt.release.xcconfig"; sourceTree = "<group>"; };
		6C320EA302352420BF8CF0C7 /* Pods_TaskIt.framework */ = {isa = PBXFileReference; explicitFileType = wrapper.framework; includeInIndex = 0; path = Pods_TaskIt.framework; sourceTree = BUILT_PRODUCTS_DIR; };
		B8996872739D1DDD925576CD /* Pods-TaskIt.debug.xcconfig */ = {isa = PBXFileReference; includeInIndex = 1; lastKnownFileType = text.xcconfig; name = "Pods-TaskIt.debug.xcconfig"; path = "Pods/Target Support Files/Pods-TaskIt/Pods-TaskIt.debug.xcconfig"; sourceTree = "<group>"; };
/* End PBXFileReference section */

/* Begin PBXFrameworksBuildPhase section */
		2EB5399A21063C1700192FDA /* Frameworks */ = {
			isa = PBXFrameworksBuildPhase;
			buildActionMask = 2147483647;
			files = (
				409A9A22C347DD4CBAD1CE6F /* Pods_TaskIt.framework in Frameworks */,
			);
			runOnlyForDeploymentPostprocessing = 0;
		};
/* End PBXFrameworksBuildPhase section */

/* Begin PBXGroup section */
		2E1FC04D210B882700FBFCCB /* Extensions */ = {
			isa = PBXGroup;
			children = (
				2E1FC04E210B887700FBFCCB /* MapVC+InvertButtons.swift */,
				2E1FC03F2108ED8100FBFCCB /* MapVC+ToolbarButtons.swift */,
				2ED164E4210FAF0F008B7513 /* MapVC+TaskShapeDelegate.swift */,
			);
			path = Extensions;
			sourceTree = "<group>";
		};
		2E1FC05B210D71DC00FBFCCB /* Storyboards */ = {
			isa = PBXGroup;
			children = (
				2E6BD8F0210D8A3A001E4A76 /* MapLayout.storyboard */,
				2EB539A421063C1700192FDA /* Main.storyboard */,
			);
			path = Storyboards;
			sourceTree = "<group>";
		};
		2E821047211A08A900CCF02B /* PageViewControllers */ = {
			isa = PBXGroup;
			children = (
			);
			path = PageViewControllers;
			sourceTree = "<group>";
		};
		2EB5399421063C1700192FDA = {
			isa = PBXGroup;
			children = (
				2EB5399F21063C1700192FDA /* TaskIt */,
				2EB5399E21063C1700192FDA /* Products */,
				5E2708704AD143218140FFB0 /* Pods */,
				42FE8EB047D6E6BF6EF8D33A /* Frameworks */,
			);
			sourceTree = "<group>";
		};
		2EB5399E21063C1700192FDA /* Products */ = {
			isa = PBXGroup;
			children = (
				2EB5399D21063C1700192FDA /* TaskIt.app */,
			);
			name = Products;
			sourceTree = "<group>";
		};
		2EB5399F21063C1700192FDA /* TaskIt */ = {
			isa = PBXGroup;
			children = (
				2E821047211A08A900CCF02B /* PageViewControllers */,
				2EF477442114B3FF00290E9A /* Views */,
				2E3634BB2111807A00E42BA7 /* TaskIt.entitlements */,
				2E1FC05B210D71DC00FBFCCB /* Storyboards */,
				2E1FC04D210B882700FBFCCB /* Extensions */,
				2EB539BB2106424600192FDA /* Supporting Files */,
				2EB539BA2106424000192FDA /* Helpers */,
				2EB539B92106421A00192FDA /* Services */,
				2EB539B82106421300192FDA /* Models */,
				2EB539B72106420400192FDA /* Controllers */,
				2EB539A021063C1700192FDA /* AppDelegate.swift */,
				2EB539AA21063C1700192FDA /* Assets.xcassets */,
				2EB539AC21063C1700192FDA /* LaunchScreen.storyboard */,
				2EB539AF21063C1700192FDA /* Info.plist */,
				2EB539A721063C1700192FDA /* TaskIt.xcdatamodeld */,
				2EB539B521063EF400192FDA /* GoogleService-Info.plist */,
			);
			path = TaskIt;
			sourceTree = "<group>";
		};
		2EB539B72106420400192FDA /* Controllers */ = {
			isa = PBXGroup;
			children = (
				2EB539BC2106439600192FDA /* StartVC.swift */,
				2EB539BE2106562700192FDA /* SignUpVC.swift */,
				2EB539CC21079CB500192FDA /* MapVC.swift */,
				2EB539CE2107B77100192FDA /* StartCompanyVC.swift */,
				2E1FC04B210A9BD100FBFCCB /* ConfirmationVC.swift */,
				2ED164E2210F805C008B7513 /* TaskDetailsVC.swift */,
				2EF477402114B37D00290E9A /* ChooseIdVC.swift */,
			);
			path = Controllers;
			sourceTree = "<group>";
		};
		2EB539B82106421300192FDA /* Models */ = {
			isa = PBXGroup;
			children = (
				2EB539C62106F87700192FDA /* TaskUser.swift */,
				2E1FC0412109172700FBFCCB /* TaskShape.swift */,
				2E1FC049210A3A6600FBFCCB /* DirectionalPad.swift */,
				2E1FC058210BBB5300FBFCCB /* Task.swift */,
				2ED164E621100C44008B7513 /* ButtonItem.swift */,
				2ED164E821101B74008B7513 /* TaskButton.swift */,
				2E3634B921116AB700E42BA7 /* LoadWheel.swift */,
			);
			path = Models;
			sourceTree = "<group>";
		};
		2EB539B92106421A00192FDA /* Services */ = {
			isa = PBXGroup;
			children = (
				2EB539C02106EBED00192FDA /* AuthService.swift */,
				2EB539C42106F4F400192FDA /* UserService.swift */,
				2EB539D02107CC8900192FDA /* DatabaseService.swift */,
				2EFBB5602110BC20006C097D /* StorageService.swift */,
			);
			path = Services;
			sourceTree = "<group>";
		};
		2EB539BA2106424000192FDA /* Helpers */ = {
			isa = PBXGroup;
			children = (
				2EB539C82106FBFF00192FDA /* Alerts.swift */,
				2EB539CA2107879C00192FDA /* Login.swift */,
				2E6907D821142E0A00EC6088 /* CoreDataHelper.swift */,
			);
			path = Helpers;
			sourceTree = "<group>";
		};
		2EB539BB2106424600192FDA /* Supporting Files */ = {
			isa = PBXGroup;
			children = (
				2E1FC043210953FD00FBFCCB /* Constants.swift */,
			);
			path = "Supporting Files";
			sourceTree = "<group>";
		};
		2EF477442114B3FF00290E9A /* Views */ = {
			isa = PBXGroup;
			children = (
				2EF477422114B3F800290E9A /* IdTableViewCell.swift */,
			);
			path = Views;
			sourceTree = "<group>";
		};
		42FE8EB047D6E6BF6EF8D33A /* Frameworks */ = {
			isa = PBXGroup;
			children = (
				6C320EA302352420BF8CF0C7 /* Pods_TaskIt.framework */,
			);
			name = Frameworks;
			sourceTree = "<group>";
		};
		5E2708704AD143218140FFB0 /* Pods */ = {
			isa = PBXGroup;
			children = (
				B8996872739D1DDD925576CD /* Pods-TaskIt.debug.xcconfig */,
				528CF6BC0CF32CC4F47A8F51 /* Pods-TaskIt.release.xcconfig */,
			);
			name = Pods;
			sourceTree = "<group>";
		};
/* End PBXGroup section */

/* Begin PBXNativeTarget section */
		2EB5399C21063C1700192FDA /* TaskIt */ = {
			isa = PBXNativeTarget;
			buildConfigurationList = 2EB539B221063C1700192FDA /* Build configuration list for PBXNativeTarget "TaskIt" */;
			buildPhases = (
				B76757BAE01FB073E1F77633 /* [CP] Check Pods Manifest.lock */,
				2EB5399921063C1700192FDA /* Sources */,
				2EB5399A21063C1700192FDA /* Frameworks */,
				2EB5399B21063C1700192FDA /* Resources */,
				FE8B854AECD672CAD2F1C2EC /* [CP] Embed Pods Frameworks */,
			);
			buildRules = (
			);
			dependencies = (
			);
			name = TaskIt;
			productName = TaskIt;
			productReference = 2EB5399D21063C1700192FDA /* TaskIt.app */;
			productType = "com.apple.product-type.application";
		};
/* End PBXNativeTarget section */

/* Begin PBXProject section */
		2EB5399521063C1700192FDA /* Project object */ = {
			isa = PBXProject;
			attributes = {
				LastSwiftUpdateCheck = 0920;
				LastUpgradeCheck = 0920;
				TargetAttributes = {
					2EB5399C21063C1700192FDA = {
						CreatedOnToolsVersion = 9.2;
						ProvisioningStyle = Automatic;
						SystemCapabilities = {
							com.apple.BackgroundModes = {
								enabled = 1;
							};
							com.apple.Push = {
								enabled = 1;
							};
						};
					};
				};
			};
			buildConfigurationList = 2EB5399821063C1700192FDA /* Build configuration list for PBXProject "TaskIt" */;
			compatibilityVersion = "Xcode 8.0";
			developmentRegion = en;
			hasScannedForEncodings = 0;
			knownRegions = (
				en,
				Base,
			);
			mainGroup = 2EB5399421063C1700192FDA;
			productRefGroup = 2EB5399E21063C1700192FDA /* Products */;
			projectDirPath = "";
			projectRoot = "";
			targets = (
				2EB5399C21063C1700192FDA /* TaskIt */,
			);
		};
/* End PBXProject section */

/* Begin PBXResourcesBuildPhase section */
		2EB5399B21063C1700192FDA /* Resources */ = {
			isa = PBXResourcesBuildPhase;
			buildActionMask = 2147483647;
			files = (
				2EB539AE21063C1700192FDA /* LaunchScreen.storyboard in Resources */,
				2EB539AB21063C1700192FDA /* Assets.xcassets in Resources */,
				2EB539B621063EF400192FDA /* GoogleService-Info.plist in Resources */,
				2E6BD8F1210D8A3A001E4A76 /* MapLayout.storyboard in Resources */,
				2EB539A621063C1700192FDA /* Main.storyboard in Resources */,
			);
			runOnlyForDeploymentPostprocessing = 0;
		};
/* End PBXResourcesBuildPhase section */

/* Begin PBXShellScriptBuildPhase section */
		B76757BAE01FB073E1F77633 /* [CP] Check Pods Manifest.lock */ = {
			isa = PBXShellScriptBuildPhase;
			buildActionMask = 2147483647;
			files = (
			);
			inputPaths = (
				"${PODS_PODFILE_DIR_PATH}/Podfile.lock",
				"${PODS_ROOT}/Manifest.lock",
			);
			name = "[CP] Check Pods Manifest.lock";
			outputPaths = (
				"$(DERIVED_FILE_DIR)/Pods-TaskIt-checkManifestLockResult.txt",
			);
			runOnlyForDeploymentPostprocessing = 0;
			shellPath = /bin/sh;
			shellScript = "diff \"${PODS_PODFILE_DIR_PATH}/Podfile.lock\" \"${PODS_ROOT}/Manifest.lock\" > /dev/null\nif [ $? != 0 ] ; then\n    # print error to STDERR\n    echo \"error: The sandbox is not in sync with the Podfile.lock. Run 'pod install' or update your CocoaPods installation.\" >&2\n    exit 1\nfi\n# This output is used by Xcode 'outputs' to avoid re-running this script phase.\necho \"SUCCESS\" > \"${SCRIPT_OUTPUT_FILE_0}\"\n";
			showEnvVarsInLog = 0;
		};
		FE8B854AECD672CAD2F1C2EC /* [CP] Embed Pods Frameworks */ = {
			isa = PBXShellScriptBuildPhase;
			buildActionMask = 2147483647;
			files = (
			);
			inputPaths = (
				"${SRCROOT}/Pods/Target Support Files/Pods-TaskIt/Pods-TaskIt-frameworks.sh",
				"${BUILT_PRODUCTS_DIR}/GTMSessionFetcher/GTMSessionFetcher.framework",
				"${BUILT_PRODUCTS_DIR}/GoogleToolboxForMac/GoogleToolboxForMac.framework",
				"${BUILT_PRODUCTS_DIR}/Protobuf/Protobuf.framework",
				"${BUILT_PRODUCTS_DIR}/leveldb-library/leveldb.framework",
				"${BUILT_PRODUCTS_DIR}/nanopb/nanopb.framework",
			);
			name = "[CP] Embed Pods Frameworks";
			outputPaths = (
				"${TARGET_BUILD_DIR}/${FRAMEWORKS_FOLDER_PATH}/GTMSessionFetcher.framework",
				"${TARGET_BUILD_DIR}/${FRAMEWORKS_FOLDER_PATH}/GoogleToolboxForMac.framework",
				"${TARGET_BUILD_DIR}/${FRAMEWORKS_FOLDER_PATH}/Protobuf.framework",
				"${TARGET_BUILD_DIR}/${FRAMEWORKS_FOLDER_PATH}/leveldb.framework",
				"${TARGET_BUILD_DIR}/${FRAMEWORKS_FOLDER_PATH}/nanopb.framework",
			);
			runOnlyForDeploymentPostprocessing = 0;
			shellPath = /bin/sh;
			shellScript = "\"${SRCROOT}/Pods/Target Support Files/Pods-TaskIt/Pods-TaskIt-frameworks.sh\"\n";
			showEnvVarsInLog = 0;
		};
/* End PBXShellScriptBuildPhase section */

/* Begin PBXSourcesBuildPhase section */
		2EB5399921063C1700192FDA /* Sources */ = {
			isa = PBXSourcesBuildPhase;
			buildActionMask = 2147483647;
			files = (
				2ED164E3210F805C008B7513 /* TaskDetailsVC.swift in Sources */,
				2EB539BF2106562700192FDA /* SignUpVC.swift in Sources */,
				2EB539A921063C1700192FDA /* TaskIt.xcdatamodeld in Sources */,
				2E1FC04A210A3A6600FBFCCB /* DirectionalPad.swift in Sources */,
				2EB539C92106FBFF00192FDA /* Alerts.swift in Sources */,
				2EB539CF2107B77100192FDA /* StartCompanyVC.swift in Sources */,
				2EB539C52106F4F400192FDA /* UserService.swift in Sources */,
				2E1FC044210953FD00FBFCCB /* Constants.swift in Sources */,
				2EF477432114B3F800290E9A /* IdTableViewCell.swift in Sources */,
				2E6907D921142E0A00EC6088 /* CoreDataHelper.swift in Sources */,
				2E1FC059210BBB5300FBFCCB /* Task.swift in Sources */,
				2EB539C12106EBED00192FDA /* AuthService.swift in Sources */,
				2E1FC04C210A9BD100FBFCCB /* ConfirmationVC.swift in Sources */,
				2E1FC0402108ED8100FBFCCB /* MapVC+ToolbarButtons.swift in Sources */,
				2EB539D12107CC8900192FDA /* DatabaseService.swift in Sources */,
				2EFBB5612110BC20006C097D /* StorageService.swift in Sources */,
				2EB539CD21079CB500192FDA /* MapVC.swift in Sources */,
				2ED164E5210FAF0F008B7513 /* MapVC+TaskShapeDelegate.swift in Sources */,
				2EB539C72106F87700192FDA /* TaskUser.swift in Sources */,
				2EF477412114B37D00290E9A /* ChooseIdVC.swift in Sources */,
				2EB539CB2107879C00192FDA /* Login.swift in Sources */,
				2EB539A121063C1700192FDA /* AppDelegate.swift in Sources */,
				2E1FC04F210B887700FBFCCB /* MapVC+InvertButtons.swift in Sources */,
				2ED164E921101B74008B7513 /* TaskButton.swift in Sources */,
				2E3634BA21116AB700E42BA7 /* LoadWheel.swift in Sources */,
				2E1FC0422109172700FBFCCB /* TaskShape.swift in Sources */,
				2ED164E721100C44008B7513 /* ButtonItem.swift in Sources */,
				2EB539BD2106439600192FDA /* StartVC.swift in Sources */,
			);
			runOnlyForDeploymentPostprocessing = 0;
		};
/* End PBXSourcesBuildPhase section */

/* Begin PBXVariantGroup section */
		2EB539A421063C1700192FDA /* Main.storyboard */ = {
			isa = PBXVariantGroup;
			children = (
				2EB539A521063C1700192FDA /* Base */,
			);
			name = Main.storyboard;
			sourceTree = "<group>";
		};
		2EB539AC21063C1700192FDA /* LaunchScreen.storyboard */ = {
			isa = PBXVariantGroup;
			children = (
				2EB539AD21063C1700192FDA /* Base */,
			);
			name = LaunchScreen.storyboard;
			sourceTree = "<group>";
		};
/* End PBXVariantGroup section */

/* Begin XCBuildConfiguration section */
		2EB539B021063C1700192FDA /* Debug */ = {
			isa = XCBuildConfiguration;
			buildSettings = {
				ALWAYS_SEARCH_USER_PATHS = NO;
				CLANG_ANALYZER_NONNULL = YES;
				CLANG_ANALYZER_NUMBER_OBJECT_CONVERSION = YES_AGGRESSIVE;
				CLANG_CXX_LANGUAGE_STANDARD = "gnu++14";
				CLANG_CXX_LIBRARY = "libc++";
				CLANG_ENABLE_MODULES = YES;
				CLANG_ENABLE_OBJC_ARC = YES;
				CLANG_WARN_BLOCK_CAPTURE_AUTORELEASING = YES;
				CLANG_WARN_BOOL_CONVERSION = YES;
				CLANG_WARN_COMMA = YES;
				CLANG_WARN_CONSTANT_CONVERSION = YES;
				CLANG_WARN_DIRECT_OBJC_ISA_USAGE = YES_ERROR;
				CLANG_WARN_DOCUMENTATION_COMMENTS = YES;
				CLANG_WARN_EMPTY_BODY = YES;
				CLANG_WARN_ENUM_CONVERSION = YES;
				CLANG_WARN_INFINITE_RECURSION = YES;
				CLANG_WARN_INT_CONVERSION = YES;
				CLANG_WARN_NON_LITERAL_NULL_CONVERSION = YES;
				CLANG_WARN_OBJC_LITERAL_CONVERSION = YES;
				CLANG_WARN_OBJC_ROOT_CLASS = YES_ERROR;
				CLANG_WARN_RANGE_LOOP_ANALYSIS = YES;
				CLANG_WARN_STRICT_PROTOTYPES = YES;
				CLANG_WARN_SUSPICIOUS_MOVE = YES;
				CLANG_WARN_UNGUARDED_AVAILABILITY = YES_AGGRESSIVE;
				CLANG_WARN_UNREACHABLE_CODE = YES;
				CLANG_WARN__DUPLICATE_METHOD_MATCH = YES;
				CODE_SIGN_IDENTITY = "iPhone Developer";
				COPY_PHASE_STRIP = NO;
				DEBUG_INFORMATION_FORMAT = dwarf;
				ENABLE_STRICT_OBJC_MSGSEND = YES;
				ENABLE_TESTABILITY = YES;
				GCC_C_LANGUAGE_STANDARD = gnu11;
				GCC_DYNAMIC_NO_PIC = NO;
				GCC_NO_COMMON_BLOCKS = YES;
				GCC_OPTIMIZATION_LEVEL = 0;
				GCC_PREPROCESSOR_DEFINITIONS = (
					"DEBUG=1",
					"$(inherited)",
				);
				GCC_WARN_64_TO_32_BIT_CONVERSION = YES;
				GCC_WARN_ABOUT_RETURN_TYPE = YES_ERROR;
				GCC_WARN_UNDECLARED_SELECTOR = YES;
				GCC_WARN_UNINITIALIZED_AUTOS = YES_AGGRESSIVE;
				GCC_WARN_UNUSED_FUNCTION = YES;
				GCC_WARN_UNUSED_VARIABLE = YES;
				IPHONEOS_DEPLOYMENT_TARGET = 11.2;
				MTL_ENABLE_DEBUG_INFO = YES;
				ONLY_ACTIVE_ARCH = YES;
				SDKROOT = iphoneos;
				SWIFT_ACTIVE_COMPILATION_CONDITIONS = DEBUG;
				SWIFT_OPTIMIZATION_LEVEL = "-Onone";
			};
			name = Debug;
		};
		2EB539B121063C1700192FDA /* Release */ = {
			isa = XCBuildConfiguration;
			buildSettings = {
				ALWAYS_SEARCH_USER_PATHS = NO;
				CLANG_ANALYZER_NONNULL = YES;
				CLANG_ANALYZER_NUMBER_OBJECT_CONVERSION = YES_AGGRESSIVE;
				CLANG_CXX_LANGUAGE_STANDARD = "gnu++14";
				CLANG_CXX_LIBRARY = "libc++";
				CLANG_ENABLE_MODULES = YES;
				CLANG_ENABLE_OBJC_ARC = YES;
				CLANG_WARN_BLOCK_CAPTURE_AUTORELEASING = YES;
				CLANG_WARN_BOOL_CONVERSION = YES;
				CLANG_WARN_COMMA = YES;
				CLANG_WARN_CONSTANT_CONVERSION = YES;
				CLANG_WARN_DIRECT_OBJC_ISA_USAGE = YES_ERROR;
				CLANG_WARN_DOCUMENTATION_COMMENTS = YES;
				CLANG_WARN_EMPTY_BODY = YES;
				CLANG_WARN_ENUM_CONVERSION = YES;
				CLANG_WARN_INFINITE_RECURSION = YES;
				CLANG_WARN_INT_CONVERSION = YES;
				CLANG_WARN_NON_LITERAL_NULL_CONVERSION = YES;
				CLANG_WARN_OBJC_LITERAL_CONVERSION = YES;
				CLANG_WARN_OBJC_ROOT_CLASS = YES_ERROR;
				CLANG_WARN_RANGE_LOOP_ANALYSIS = YES;
				CLANG_WARN_STRICT_PROTOTYPES = YES;
				CLANG_WARN_SUSPICIOUS_MOVE = YES;
				CLANG_WARN_UNGUARDED_AVAILABILITY = YES_AGGRESSIVE;
				CLANG_WARN_UNREACHABLE_CODE = YES;
				CLANG_WARN__DUPLICATE_METHOD_MATCH = YES;
				CODE_SIGN_IDENTITY = "iPhone Developer";
				COPY_PHASE_STRIP = NO;
				DEBUG_INFORMATION_FORMAT = "dwarf-with-dsym";
				ENABLE_NS_ASSERTIONS = NO;
				ENABLE_STRICT_OBJC_MSGSEND = YES;
				GCC_C_LANGUAGE_STANDARD = gnu11;
				GCC_NO_COMMON_BLOCKS = YES;
				GCC_WARN_64_TO_32_BIT_CONVERSION = YES;
				GCC_WARN_ABOUT_RETURN_TYPE = YES_ERROR;
				GCC_WARN_UNDECLARED_SELECTOR = YES;
				GCC_WARN_UNINITIALIZED_AUTOS = YES_AGGRESSIVE;
				GCC_WARN_UNUSED_FUNCTION = YES;
				GCC_WARN_UNUSED_VARIABLE = YES;
				IPHONEOS_DEPLOYMENT_TARGET = 11.2;
				MTL_ENABLE_DEBUG_INFO = NO;
				SDKROOT = iphoneos;
				SWIFT_OPTIMIZATION_LEVEL = "-Owholemodule";
				VALIDATE_PRODUCT = YES;
			};
			name = Release;
		};
		2EB539B321063C1700192FDA /* Debug */ = {
			isa = XCBuildConfiguration;
			baseConfigurationReference = B8996872739D1DDD925576CD /* Pods-TaskIt.debug.xcconfig */;
			buildSettings = {
				ASSETCATALOG_COMPILER_APPICON_NAME = AppIcon;
				CODE_SIGN_ENTITLEMENTS = TaskIt/TaskIt.entitlements;
				CODE_SIGN_STYLE = Automatic;
				DEVELOPMENT_TEAM = 6V78FR972C;
				INFOPLIST_FILE = TaskIt/Info.plist;
				LD_RUNPATH_SEARCH_PATHS = "$(inherited) @executable_path/Frameworks";
				PRODUCT_BUNDLE_IDENTIFIER = com.Bob.TaskIt;
				PRODUCT_NAME = "$(TARGET_NAME)";
				SWIFT_VERSION = 4.0;
				TARGETED_DEVICE_FAMILY = 1;
			};
			name = Debug;
		};
		2EB539B421063C1700192FDA /* Release */ = {
			isa = XCBuildConfiguration;
			baseConfigurationReference = 528CF6BC0CF32CC4F47A8F51 /* Pods-TaskIt.release.xcconfig */;
			buildSettings = {
				ASSETCATALOG_COMPILER_APPICON_NAME = AppIcon;
				CODE_SIGN_ENTITLEMENTS = TaskIt/TaskIt.entitlements;
				CODE_SIGN_STYLE = Automatic;
				DEVELOPMENT_TEAM = 6V78FR972C;
				INFOPLIST_FILE = TaskIt/Info.plist;
				LD_RUNPATH_SEARCH_PATHS = "$(inherited) @executable_path/Frameworks";
				PRODUCT_BUNDLE_IDENTIFIER = com.Bob.TaskIt;
				PRODUCT_NAME = "$(TARGET_NAME)";
				SWIFT_VERSION = 4.0;
				TARGETED_DEVICE_FAMILY = 1;
			};
			name = Release;
		};
/* End XCBuildConfiguration section */

/* Begin XCConfigurationList section */
		2EB5399821063C1700192FDA /* Build configuration list for PBXProject "TaskIt" */ = {
			isa = XCConfigurationList;
			buildConfigurations = (
				2EB539B021063C1700192FDA /* Debug */,
				2EB539B121063C1700192FDA /* Release */,
			);
			defaultConfigurationIsVisible = 0;
			defaultConfigurationName = Release;
		};
		2EB539B221063C1700192FDA /* Build configuration list for PBXNativeTarget "TaskIt" */ = {
			isa = XCConfigurationList;
			buildConfigurations = (
				2EB539B321063C1700192FDA /* Debug */,
				2EB539B421063C1700192FDA /* Release */,
			);
			defaultConfigurationIsVisible = 0;
			defaultConfigurationName = Release;
		};
/* End XCConfigurationList section */

/* Begin XCVersionGroup section */
		2EB539A721063C1700192FDA /* TaskIt.xcdatamodeld */ = {
			isa = XCVersionGroup;
			children = (
				2EB539A821063C1700192FDA /* TaskIt.xcdatamodel */,
			);
			currentVersion = 2EB539A821063C1700192FDA /* TaskIt.xcdatamodel */;
			path = TaskIt.xcdatamodeld;
			sourceTree = "<group>";
			versionGroupType = wrapper.xcdatamodel;
		};
/* End XCVersionGroup section */
	};
	rootObject = 2EB5399521063C1700192FDA /* Project object */;
}
